
Microsoft Visual Studio Solution File, Format Version 12.00
# Visual Studio 15
VisualStudioVersion = 15.0.28307.136
MinimumVisualStudioVersion = 10.0.40219.1
Project("{FAE04EC0-301F-11D3-BF4B-00C04F79EFBC}") = "OpenWhatsAppSample.Android", "OpenWhatsAppSample\OpenWhatsAppSample.Android\OpenWhatsAppSample.Android.csproj", "{C2EF332A-C18B-496D-B6F4-A65BF72D6FED}"
EndProject
Project("{FAE04EC0-301F-11D3-BF4B-00C04F79EFBC}") = "OpenWhatsAppSample.iOS", "OpenWhatsAppSample\OpenWhatsAppSample.iOS\OpenWhatsAppSample.iOS.csproj", "{2C13C0F1-1C6E-445D-AB5A-031B1E791934}"
EndProject
Project("{FAE04EC0-301F-11D3-BF4B-00C04F79EFBC}") = "OpenWhatsAppSample", "OpenWhatsAppSample\OpenWhatsAppSample\OpenWhatsAppSample.csproj", "{0BCD3EBC-8A82-4415-A7C1-9D01DAEDFFD1}"
EndProject
Global
	GlobalSection(SolutionConfigurationPlatforms) = preSolution
		Ad-Hoc|Any CPU = Ad-Hoc|Any CPU
		Ad-Hoc|iPhone = Ad-Hoc|iPhone
		Ad-Hoc|iPhoneSimulator = Ad-Hoc|iPhoneSimulator
		AppStore|Any CPU = AppStore|Any CPU
		AppStore|iPhone = AppStore|iPhone
		AppStore|iPhoneSimulator = AppStore|iPhoneSimulator
		Debug|Any CPU = Debug|Any CPU
		Debug|iPhone = Debug|iPhone
		Debug|iPhoneSimulator = Debug|iPhoneSimulator
		Release|Any CPU = Release|Any CPU
		Release|iPhone = Release|iPhone
		Release|iPhoneSimulator = Release|iPhoneSimulator
	EndGlobalSection
	GlobalSection(ProjectConfigurationPlatforms) = postSolution
		{C2EF332A-C18B-496D-B6F4-A65BF72D6FED}.Ad-Hoc|Any CPU.ActiveCfg = Release|Any CPU
		{C2EF332A-C18B-496D-B6F4-A65BF72D6FED}.Ad-Hoc|Any CPU.Build.0 = Release|Any CPU
		{C2EF332A-C18B-496D-B6F4-A65BF72D6FED}.Ad-Hoc|Any CPU.Deploy.0 = Release|Any CPU
		{C2EF332A-C18B-496D-B6F4-A65BF72D6FED}.Ad-Hoc|iPhone.ActiveCfg = Release|Any CPU
		{C2EF332A-C18B-496D-B6F4-A65BF72D6FED}.Ad-Hoc|iPhone.Build.0 = Release|Any CPU
		{C2EF332A-C18B-496D-B6F4-A65BF72D6FED}.Ad-Hoc|iPhone.Deploy.0 = Release|Any CPU
		{C2EF332A-C18B-496D-B6F4-A65BF72D6FED}.Ad-Hoc|iPhoneSimulator.ActiveCfg = Release|Any CPU
		{C2EF332A-C18B-496D-B6F4-A65BF72D6FED}.Ad-Hoc|iPhoneSimulator.Build.0 = Release|Any CPU
		{C2EF332A-C18B-496D-B6F4-A65BF72D6FED}.Ad-Hoc|iPhoneSimulator.Deploy.0 = Release|Any CPU
		{C2EF332A-C18B-496D-B6F4-A65BF72D6FED}.AppStore|Any CPU.ActiveCfg = Release|Any CPU
		{C2EF332A-C18B-496D-B6F4-A65BF72D6FED}.AppStore|Any CPU.Build.0 = Release|Any CPU
		{C2EF332A-C18B-496D-B6F4-A65BF72D6FED}.AppStore|Any CPU.Deploy.0 = Release|Any CPU
		{C2EF332A-C18B-496D-B6F4-A65BF72D6FED}.AppStore|iPhone.ActiveCfg = Release|Any CPU
		{C2EF332A-C18B-496D-B6F4-A65BF72D6FED}.AppStore|iPhone.Build.0 = Release|Any CPU
		{C2EF332A-C18B-496D-B6F4-A65BF72D6FED}.AppStore|iPhone.Deploy.0 = Release|Any CPU
		{C2EF332A-C18B-496D-B6F4-A65BF72D6FED}.AppStore|iPhoneSimulator.ActiveCfg = Release|Any CPU
		{C2EF332A-C18B-496D-B6F4-A65BF72D6FED}.AppStore|iPhoneSimulator.Build.0 = Release|Any CPU
		{C2EF332A-C18B-496D-B6F4-A65BF72D6FED}.AppStore|iPhoneSimulator.Deploy.0 = Release|Any CPU
		{C2EF332A-C18B-496D-B6F4-A65BF72D6FED}.Debug|Any CPU.ActiveCfg = Debug|Any CPU
		{C2EF332A-C18B-496D-B6F4-A65BF72D6FED}.Debug|Any CPU.Build.0 = Debug|Any CPU
		{C2EF332A-C18B-496D-B6F4-A65BF72D6FED}.Debug|Any CPU.Deploy.0 = Debug|Any CPU
		{C2EF332A-C18B-496D-B6F4-A65BF72D6FED}.Debug|iPhone.ActiveCfg = Debug|Any CPU
		{C2EF332A-C18B-496D-B6F4-A65BF72D6FED}.Debug|iPhone.Build.0 = Debug|Any CPU
		{C2EF332A-C18B-496D-B6F4-A65BF72D6FED}.Debug|iPhone.Deploy.0 = Debug|Any CPU
		{C2EF332A-C18B-496D-B6F4-A65BF72D6FED}.Debug|iPhoneSimulator.ActiveCfg = Debug|Any CPU
		{C2EF332A-C18B-496D-B6F4-A65BF72D6FED}.Debug|iPhoneSimulator.Build.0 = Debug|Any CPU
		{C2EF332A-C18B-496D-B6F4-A65BF72D6FED}.Debug|iPhoneSimulator.Deploy.0 = Debug|Any CPU
		{C2EF332A-C18B-496D-B6F4-A65BF72D6FED}.Release|Any CPU.ActiveCfg = Release|Any CPU
		{C2EF332A-C18B-496D-B6F4-A65BF72D6FED}.Release|Any CPU.Build.0 = Release|Any CPU
		{C2EF332A-C18B-496D-B6F4-A65BF72D6FED}.Release|Any CPU.Deploy.0 = Release|Any CPU
		{C2EF332A-C18B-496D-B6F4-A65BF72D6FED}.Release|iPhone.ActiveCfg = Release|Any CPU
		{C2EF332A-C18B-496D-B6F4-A65BF72D6FED}.Release|iPhone.Build.0 = Release|Any CPU
		{C2EF332A-C18B-496D-B6F4-A65BF72D6FED}.Release|iPhone.Deploy.0 = Release|Any CPU
		{C2EF332A-C18B-496D-B6F4-A65BF72D6FED}.Release|iPhoneSimulator.ActiveCfg = Release|Any CPU
		{C2EF332A-C18B-496D-B6F4-A65BF72D6FED}.Release|iPhoneSimulator.Build.0 = Release|Any CPU
		{C2EF332A-C18B-496D-B6F4-A65BF72D6FED}.Release|iPhoneSimulator.Deploy.0 = Release|Any CPU
		{2C13C0F1-1C6E-445D-AB5A-031B1E791934}.Ad-Hoc|Any CPU.ActiveCfg = Ad-Hoc|iPhone
		{2C13C0F1-1C6E-445D-AB5A-031B1E791934}.Ad-Hoc|Any CPU.Build.0 = Ad-Hoc|iPhone
		{2C13C0F1-1C6E-445D-AB5A-031B1E791934}.Ad-Hoc|Any CPU.Deploy.0 = Ad-Hoc|iPhone
		{2C13C0F1-1C6E-445D-AB5A-031B1E791934}.Ad-Hoc|iPhone.ActiveCfg = Ad-Hoc|iPhone
		{2C13C0F1-1C6E-445D-AB5A-031B1E791934}.Ad-Hoc|iPhone.Build.0 = Ad-Hoc|iPhone
		{2C13C0F1-1C6E-445D-AB5A-031B1E791934}.Ad-Hoc|iPhone.Deploy.0 = Ad-Hoc|iPhone
		{2C13C0F1-1C6E-445D-AB5A-031B1E791934}.Ad-Hoc|iPhoneSimulator.ActiveCfg = Ad-Hoc|iPhoneSimulator
		{2C13C0F1-1C6E-445D-AB5A-031B1E791934}.Ad-Hoc|iPhoneSimulator.Build.0 = Ad-Hoc|iPhoneSimulator
		{2C13C0F1-1C6E-445D-AB5A-031B1E791934}.Ad-Hoc|iPhoneSimulator.Deploy.0 = Ad-Hoc|iPhoneSimulator
		{2C13C0F1-1C6E-445D-AB5A-031B1E791934}.AppStore|Any CPU.ActiveCfg = AppStore|iPhone
		{2C13C0F1-1C6E-445D-AB5A-031B1E791934}.AppStore|Any CPU.Build.0 = AppStore|iPhone
		{2C13C0F1-1C6E-445D-AB5A-031B1E791934}.AppStore|Any CPU.Deploy.0 = AppStore|iPhone
		{2C13C0F1-1C6E-445D-AB5A-031B1E791934}.AppStore|iPhone.ActiveCfg = AppStore|iPhone
		{2C13C0F1-1C6E-445D-AB5A-031B1E791934}.AppStore|iPhone.Build.0 = AppStore|iPhone
		{2C13C0F1-1C6E-445D-AB5A-031B1E791934}.AppStore|iPhone.Deploy.0 = AppStore|iPhone
		{2C13C0F1-1C6E-445D-AB5A-031B1E791934}.AppStore|iPhoneSimulator.ActiveCfg = AppStore|iPhoneSimulator
		{2C13C0F1-1C6E-445D-AB5A-031B1E791934}.AppStore|iPhoneSimulator.Build.0 = AppStore|iPhoneSimulator
		{2C13C0F1-1C6E-445D-AB5A-031B1E791934}.AppStore|iPhoneSimulator.Deploy.0 = AppStore|iPhoneSimulator
		{2C13C0F1-1C6E-445D-AB5A-031B1E791934}.Debug|Any CPU.ActiveCfg = Debug|iPhoneSimulator
		{2C13C0F1-1C6E-445D-AB5A-031B1E791934}.Debug|Any CPU.Build.0 = Debug|iPhoneSimulator
		{2C13C0F1-1C6E-445D-AB5A-031B1E791934}.Debug|Any CPU.Deploy.0 = Debug|iPhoneSimulator
		{2C13C0F1-1C6E-445D-AB5A-031B1E791934}.Debug|iPhone.ActiveCfg = Debug|iPhone
		{2C13C0F1-1C6E-445D-AB5A-031B1E791934}.Debug|iPhone.Build.0 = Debug|iPhone
		{2C13C0F1-1C6E-445D-AB5A-031B1E791934}.Debug|iPhone.Deploy.0 = Debug|iPhone
		{2C13C0F1-1C6E-445D-AB5A-031B1E791934}.Debug|iPhoneSimulator.ActiveCfg = Debug|iPhoneSimulator
		{2C13C0F1-1C6E-445D-AB5A-031B1E791934}.Debug|iPhoneSimulator.Build.0 = Debug|iPhoneSimulator
		{2C13C0F1-1C6E-445D-AB5A-031B1E791934}.Debug|iPhoneSimulator.Deploy.0 = Debug|iPhoneSimulator
		{2C13C0F1-1C6E-445D-AB5A-031B1E791934}.Release|Any CPU.ActiveCfg = Release|iPhone
		{2C13C0F1-1C6E-445D-AB5A-031B1E791934}.Release|Any CPU.Build.0 = Release|iPhone
		{2C13C0F1-1C6E-445D-AB5A-031B1E791934}.Release|Any CPU.Deploy.0 = Release|iPhone
		{2C13C0F1-1C6E-445D-AB5A-031B1E791934}.Release|iPhone.ActiveCfg = Release|iPhone
		{2C13C0F1-1C6E-445D-AB5A-031B1E791934}.Release|iPhone.Build.0 = Release|iPhone
		{2C13C0F1-1C6E-445D-AB5A-031B1E791934}.Release|iPhone.Deploy.0 = Release|iPhone
		{2C13C0F1-1C6E-445D-AB5A-031B1E791934}.Release|iPhoneSimulator.ActiveCfg = Release|iPhoneSimulator
		{2C13C0F1-1C6E-445D-AB5A-031B1E791934}.Release|iPhoneSimulator.Build.0 = Release|iPhoneSimulator
		{2C13C0F1-1C6E-445D-AB5A-031B1E791934}.Release|iPhoneSimulator.Deploy.0 = Release|iPhoneSimulator
		{0BCD3EBC-8A82-4415-A7C1-9D01DAEDFFD1}.Ad-Hoc|Any CPU.ActiveCfg = Debug|Any CPU
		{0BCD3EBC-8A82-4415-A7C1-9D01DAEDFFD1}.Ad-Hoc|Any CPU.Build.0 = Debug|Any CPU
		{0BCD3EBC-8A82-4415-A7C1-9D01DAEDFFD1}.Ad-Hoc|Any CPU.Deploy.0 = Debug|Any CPU
		{0BCD3EBC-8A82-4415-A7C1-9D01DAEDFFD1}.Ad-Hoc|iPhone.ActiveCfg = Debug|Any CPU
		{0BCD3EBC-8A82-4415-A7C1-9D01DAEDFFD1}.Ad-Hoc|iPhone.Build.0 = Debug|Any CPU
		{0BCD3EBC-8A82-4415-A7C1-9D01DAEDFFD1}.Ad-Hoc|iPhone.Deploy.0 = Debug|Any CPU
		{0BCD3EBC-8A82-4415-A7C1-9D01DAEDFFD1}.Ad-Hoc|iPhoneSimulator.ActiveCfg = Debug|Any CPU
		{0BCD3EBC-8A82-4415-A7C1-9D01DAEDFFD1}.Ad-Hoc|iPhoneSimulator.Build.0 = Debug|Any CPU
		{0BCD3EBC-8A82-4415-A7C1-9D01DAEDFFD1}.Ad-Hoc|iPhoneSimulator.Deploy.0 = Debug|Any CPU
		{0BCD3EBC-8A82-4415-A7C1-9D01DAEDFFD1}.AppStore|Any CPU.ActiveCfg = Debug|Any CPU
		{0BCD3EBC-8A82-4415-A7C1-9D01DAEDFFD1}.AppStore|Any CPU.Build.0 = Debug|Any CPU
		{0BCD3EBC-8A82-4415-A7C1-9D01DAEDFFD1}.AppStore|Any CPU.Deploy.0 = Debug|Any CPU
		{0BCD3EBC-8A82-4415-A7C1-9D01DAEDFFD1}.AppStore|iPhone.ActiveCfg = Debug|Any CPU
		{0BCD3EBC-8A82-4415-A7C1-9D01DAEDFFD1}.AppStore|iPhone.Build.0 = Debug|Any CPU
		{0BCD3EBC-8A82-4415-A7C1-9D01DAEDFFD1}.AppStore|iPhone.Deploy.0 = Debug|Any CPU
		{0BCD3EBC-8A82-4415-A7C1-9D01DAEDFFD1}.AppStore|iPhoneSimulator.ActiveCfg = Debug|Any CPU
		{0BCD3EBC-8A82-4415-A7C1-9D01DAEDFFD1}.AppStore|iPhoneSimulator.Build.0 = Debug|Any CPU
		{0BCD3EBC-8A82-4415-A7C1-9D01DAEDFFD1}.AppStore|iPhoneSimulator.Deploy.0 = Debug|Any CPU
		{0BCD3EBC-8A82-4415-A7C1-9D01DAEDFFD1}.Debug|Any CPU.ActiveCfg = Debug|Any CPU
		{0BCD3EBC-8A82-4415-A7C1-9D01DAEDFFD1}.Debug|Any CPU.Build.0 = Debug|Any CPU
		{0BCD3EBC-8A82-4415-A7C1-9D01DAEDFFD1}.Debug|Any CPU.Deploy.0 = Debug|Any CPU
		{0BCD3EBC-8A82-4415-A7C1-9D01DAEDFFD1}.Debug|iPhone.ActiveCfg = Debug|Any CPU
		{0BCD3EBC-8A82-4415-A7C1-9D01DAEDFFD1}.Debug|iPhone.Build.0 = Debug|Any CPU
		{0BCD3EBC-8A82-4415-A7C1-9D01DAEDFFD1}.Debug|iPhone.Deploy.0 = Debug|Any CPU
		{0BCD3EBC-8A82-4415-A7C1-9D01DAEDFFD1}.Debug|iPhoneSimulator.ActiveCfg = Debug|Any CPU
		{0BCD3EBC-8A82-4415-A7C1-9D01DAEDFFD1}.Debug|iPhoneSimulator.Build.0 = Debug|Any CPU
		{0BCD3EBC-8A82-4415-A7C1-9D01DAEDFFD1}.Debug|iPhoneSimulator.Deploy.0 = Debug|Any CPU
		{0BCD3EBC-8A82-4415-A7C1-9D01DAEDFFD1}.Release|Any CPU.ActiveCfg = Release|Any CPU
		{0BCD3EBC-8A82-4415-A7C1-9D01DAEDFFD1}.Release|Any CPU.Build.0 = Release|Any CPU
		{0BCD3EBC-8A82-4415-A7C1-9D01DAEDFFD1}.Release|Any CPU.Deploy.0 = Release|Any CPU
		{0BCD3EBC-8A82-4415-A7C1-9D01DAEDFFD1}.Release|iPhone.ActiveCfg = Release|Any CPU
		{0BCD3EBC-8A82-4415-A7C1-9D01DAEDFFD1}.Release|iPhone.Build.0 = Release|Any CPU
		{0BCD3EBC-8A82-4415-A7C1-9D01DAEDFFD1}.Release|iPhone.Deploy.0 = Release|Any CPU
		{0BCD3EBC-8A82-4415-A7C1-9D01DAEDFFD1}.Release|iPhoneSimulator.ActiveCfg = Release|Any CPU
		{0BCD3EBC-8A82-4415-A7C1-9D01DAEDFFD1}.Release|iPhoneSimulator.Build.0 = Release|Any CPU
		{0BCD3EBC-8A82-4415-A7C1-9D01DAEDFFD1}.Release|iPhoneSimulator.Deploy.0 = Release|Any CPU
	EndGlobalSection
	GlobalSection(SolutionProperties) = preSolution
		HideSolutionNode = FALSE
	EndGlobalSection
	GlobalSection(ExtensibilityGlobals) = postSolution
		SolutionGuid = {C658D76D-48CC-47A4-9899-76A44EF653C6}
	EndGlobalSection
EndGlobal
